
Microsoft Visual Studio Solution File, Format Version 12.00
# Visual Studio Version 17
VisualStudioVersion = 17.14.36717.8
MinimumVisualStudioVersion = 10.0.40219.1
Project("{FAE04EC0-301F-11D3-BF4B-00C04F79EFBC}") = "Neurabrain.Domain", "Neurabrain.Domain\Neurabrain.Domain.csproj", "{B3150DDD-ED4C-4C07-BA90-F84C118BB9DB}"
EndProject
Project("{FAE04EC0-301F-11D3-BF4B-00C04F79EFBC}") = "Neurabrain.Infrastructure", "Neurabrain.Infrastructure\Neurabrain.Infrastructure.csproj", "{55B8DDFC-E78D-4FA1-BDF1-C59AB256F375}"
EndProject
Project("{FAE04EC0-301F-11D3-BF4B-00C04F79EFBC}") = "Neurabrain.Shared", "Neurabrain.Shared\Neurabrain.Shared.csproj", "{9BC43C05-D4FF-42AC-A0BD-F1279319C4CD}"
EndProject
Project("{FAE04EC0-301F-11D3-BF4B-00C04F79EFBC}") = "Neurabrain.API", "Neurabrain.API\Neurabrain.API.csproj", "{C7E35D9F-B012-4FA6-9D8D-DBAB52BF555F}"
EndProject
Project("{FAE04EC0-301F-11D3-BF4B-00C04F79EFBC}") = "Neurabrain.AdminClient", "Neurabrain.AdminClient\Neurabrain.AdminClient.csproj", "{7AA01A74-8063-9B8A-1127-0B3BA0F38023}"
EndProject
Project("{FAE04EC0-301F-11D3-BF4B-00C04F79EFBC}") = "Neurabrain.AppClient", "Neurabrain.AppClient\Neurabrain.AppClient.csproj", "{E6287626-9750-4AE9-A7E8-499FB07AA9B6}"
EndProject
Project("{FAE04EC0-301F-11D3-BF4B-00C04F79EFBC}") = "Neurabrain.WebSite", "Neurabrain.WebSite\Neurabrain.WebSite.csproj", "{95968949-D8EF-46E2-A0D3-36C63DFEF985}"
EndProject
Global
	GlobalSection(SolutionConfigurationPlatforms) = preSolution
		Debug|Any CPU = Debug|Any CPU
		Release|Any CPU = Release|Any CPU
	EndGlobalSection
	GlobalSection(ProjectConfigurationPlatforms) = postSolution
		{B3150DDD-ED4C-4C07-BA90-F84C118BB9DB}.Debug|Any CPU.ActiveCfg = Debug|Any CPU
		{B3150DDD-ED4C-4C07-BA90-F84C118BB9DB}.Debug|Any CPU.Build.0 = Debug|Any CPU
		{B3150DDD-ED4C-4C07-BA90-F84C118BB9DB}.Release|Any CPU.ActiveCfg = Release|Any CPU
		{B3150DDD-ED4C-4C07-BA90-F84C118BB9DB}.Release|Any CPU.Build.0 = Release|Any CPU
		{55B8DDFC-E78D-4FA1-BDF1-C59AB256F375}.Debug|Any CPU.ActiveCfg = Debug|Any CPU
		{55B8DDFC-E78D-4FA1-BDF1-C59AB256F375}.Debug|Any CPU.Build.0 = Debug|Any CPU
		{55B8DDFC-E78D-4FA1-BDF1-C59AB256F375}.Release|Any CPU.ActiveCfg = Release|Any CPU
		{55B8DDFC-E78D-4FA1-BDF1-C59AB256F375}.Release|Any CPU.Build.0 = Release|Any CPU
		{9BC43C05-D4FF-42AC-A0BD-F1279319C4CD}.Debug|Any CPU.ActiveCfg = Debug|Any CPU
		{9BC43C05-D4FF-42AC-A0BD-F1279319C4CD}.Debug|Any CPU.Build.0 = Debug|Any CPU
		{9BC43C05-D4FF-42AC-A0BD-F1279319C4CD}.Release|Any CPU.ActiveCfg = Release|Any CPU
		{9BC43C05-D4FF-42AC-A0BD-F1279319C4CD}.Release|Any CPU.Build.0 = Release|Any CPU
		{C7E35D9F-B012-4FA6-9D8D-DBAB52BF555F}.Debug|Any CPU.ActiveCfg = Debug|Any CPU
		{C7E35D9F-B012-4FA6-9D8D-DBAB52BF555F}.Debug|Any CPU.Build.0 = Debug|Any CPU
		{C7E35D9F-B012-4FA6-9D8D-DBAB52BF555F}.Release|Any CPU.ActiveCfg = Release|Any CPU
		{C7E35D9F-B012-4FA6-9D8D-DBAB52BF555F}.Release|Any CPU.Build.0 = Release|Any CPU
		{7AA01A74-8063-9B8A-1127-0B3BA0F38023}.Debug|Any CPU.ActiveCfg = Debug|Any CPU
		{7AA01A74-8063-9B8A-1127-0B3BA0F38023}.Debug|Any CPU.Build.0 = Debug|Any CPU
		{7AA01A74-8063-9B8A-1127-0B3BA0F38023}.Release|Any CPU.ActiveCfg = Release|Any CPU
		{7AA01A74-8063-9B8A-1127-0B3BA0F38023}.Release|Any CPU.Build.0 = Release|Any CPU
		{E6287626-9750-4AE9-A7E8-499FB07AA9B6}.Debug|Any CPU.ActiveCfg = Debug|Any CPU
		{E6287626-9750-4AE9-A7E8-499FB07AA9B6}.Debug|Any CPU.Build.0 = Debug|Any CPU
		{E6287626-9750-4AE9-A7E8-499FB07AA9B6}.Release|Any CPU.ActiveCfg = Release|Any CPU
		{E6287626-9750-4AE9-A7E8-499FB07AA9B6}.Release|Any CPU.Build.0 = Release|Any CPU
		{95968949-D8EF-46E2-A0D3-36C63DFEF985}.Debug|Any CPU.ActiveCfg = Debug|Any CPU
		{95968949-D8EF-46E2-A0D3-36C63DFEF985}.Debug|Any CPU.Build.0 = Debug|Any CPU
		{95968949-D8EF-46E2-A0D3-36C63DFEF985}.Release|Any CPU.ActiveCfg = Release|Any CPU
		{95968949-D8EF-46E2-A0D3-36C63DFEF985}.Release|Any CPU.Build.0 = Release|Any CPU
	EndGlobalSection
	GlobalSection(SolutionProperties) = preSolution
		HideSolutionNode = FALSE
	EndGlobalSection
	GlobalSection(ExtensibilityGlobals) = postSolution
		SolutionGuid = {EF6625D1-6DC1-4F1F-A2B5-BAF368249F65}
	EndGlobalSection
EndGlobal
